
Microsoft Visual Studio Solution File, Format Version 12.00
# Visual Studio 15
VisualStudioVersion = 15.0.28307.1684
MinimumVisualStudioVersion = 10.0.40219.1
Project("{FAE04EC0-301F-11D3-BF4B-00C04F79EFBC}") = "PraktikaApp", "PraktikaApp\PraktikaApp.csproj", "{447F6A3A-57AB-4907-B5A4-1D2DAD498168}"
EndProject
Global
	GlobalSection(SolutionConfigurationPlatforms) = preSolution
		Debug|Any CPU = Debug|Any CPU
		Release|Any CPU = Release|Any CPU
	EndGlobalSection
	GlobalSection(ProjectConfigurationPlatforms) = postSolution
		{447F6A3A-57AB-4907-B5A4-1D2DAD498168}.Debug|Any CPU.ActiveCfg = Debug|Any CPU
		{447F6A3A-57AB-4907-B5A4-1D2DAD498168}.Debug|Any CPU.Build.0 = Debug|Any CPU
		{447F6A3A-57AB-4907-B5A4-1D2DAD498168}.Release|Any CPU.ActiveCfg = Release|Any CPU
		{447F6A3A-57AB-4907-B5A4-1D2DAD498168}.Release|Any CPU.Build.0 = Release|Any CPU
	EndGlobalSection
	GlobalSection(SolutionProperties) = preSolution
		HideSolutionNode = FALSE
	EndGlobalSection
	GlobalSection(ExtensibilityGlobals) = postSolution
		SolutionGuid = {15A86613-90E7-4847-A6DC-75F52A45B29C}
	EndGlobalSection
EndGlobal
